
Microsoft Visual Studio Solution File, Format Version 12.00
# Visual Studio Version 17
VisualStudioVersion = 17.9.34902.65
MinimumVisualStudioVersion = 10.0.40219.1
Project("{FAE04EC0-301F-11D3-BF4B-00C04F79EFBC}") = "PhysicsEngine", "PhysicsEngine.csproj", "{9A454ACD-6F3B-4816-B4DA-1E9425B473F7}"
EndProject
Global
	GlobalSection(SolutionConfigurationPlatforms) = preSolution
		Debug|Any CPU = Debug|Any CPU
		Release|Any CPU = Release|Any CPU
	EndGlobalSection
	GlobalSection(ProjectConfigurationPlatforms) = postSolution
		{9A454ACD-6F3B-4816-B4DA-1E9425B473F7}.Debug|Any CPU.ActiveCfg = Debug|Any CPU
		{9A454ACD-6F3B-4816-B4DA-1E9425B473F7}.Debug|Any CPU.Build.0 = Debug|Any CPU
		{9A454ACD-6F3B-4816-B4DA-1E9425B473F7}.Release|Any CPU.ActiveCfg = Release|Any CPU
		{9A454ACD-6F3B-4816-B4DA-1E9425B473F7}.Release|Any CPU.Build.0 = Release|Any CPU
	EndGlobalSection
	GlobalSection(SolutionProperties) = preSolution
		HideSolutionNode = FALSE
	EndGlobalSection
	GlobalSection(ExtensibilityGlobals) = postSolution
		SolutionGuid = {8E5211F9-E518-46FE-8B43-91AEC29382A4}
	EndGlobalSection
EndGlobal
